// !$*UTF8*$!
{
	archiveVersion = 1;
	classes = {
	};
	objectVersion = 46;
	objects = {

/* Begin PBXBuildFile section */
		CD1276491C4C17B40007EA62 /* UIImage+Resize.swift in Sources */ = {isa = PBXBuildFile; fileRef = CD1276481C4C17B40007EA62 /* UIImage+Resize.swift */; };
		CD12764B1C4C21220007EA62 /* Search.swift in Sources */ = {isa = PBXBuildFile; fileRef = CD12764A1C4C21220007EA62 /* Search.swift */; };
		CD20FE2A1C0FB48000C92E4B /* AppDelegate.swift in Sources */ = {isa = PBXBuildFile; fileRef = CD20FE291C0FB48000C92E4B /* AppDelegate.swift */; };
		CD20FE2C1C0FB48000C92E4B /* SearchViewController.swift in Sources */ = {isa = PBXBuildFile; fileRef = CD20FE2B1C0FB48000C92E4B /* SearchViewController.swift */; };
		CD20FE2F1C0FB48000C92E4B /* Main.storyboard in Resources */ = {isa = PBXBuildFile; fileRef = CD20FE2D1C0FB48000C92E4B /* Main.storyboard */; };
		CD20FE311C0FB48000C92E4B /* Assets.xcassets in Resources */ = {isa = PBXBuildFile; fileRef = CD20FE301C0FB48000C92E4B /* Assets.xcassets */; };
		CD2308311C21DEDA001D56C5 /* LandscapeViewController.swift in Sources */ = {isa = PBXBuildFile; fileRef = CD2308301C21DEDA001D56C5 /* LandscapeViewController.swift */; };
		CD2308331C233141001D56C5 /* FadeOutAnimationController.swift in Sources */ = {isa = PBXBuildFile; fileRef = CD2308321C233141001D56C5 /* FadeOutAnimationController.swift */; };
		CD46BB081C661AA4009EFE79 /* NothingFoundCell.xib in Resources */ = {isa = PBXBuildFile; fileRef = CD46BB0A1C661AA4009EFE79 /* NothingFoundCell.xib */; };
		CD46BB0C1C662058009EFE79 /* LoadingCell.xib in Resources */ = {isa = PBXBuildFile; fileRef = CD46BB0E1C662058009EFE79 /* LoadingCell.xib */; };
		CD46BB131C6626E2009EFE79 /* SearchResultCell.xib in Resources */ = {isa = PBXBuildFile; fileRef = CD46BB151C6626E2009EFE79 /* SearchResultCell.xib */; };
		CD46BB181C662B5E009EFE79 /* Localizable.strings in Resources */ = {isa = PBXBuildFile; fileRef = CD46BB161C662B5E009EFE79 /* Localizable.strings */; };
		CD48174D1C18DF590074F803 /* UIImageView+DownloadImage.swift in Sources */ = {isa = PBXBuildFile; fileRef = CD48174C1C18DF590074F803 /* UIImageView+DownloadImage.swift */; };
		CD5A5A341C10F95300466DFC /* SearchResult.swift in Sources */ = {isa = PBXBuildFile; fileRef = CD5A5A331C10F95300466DFC /* SearchResult.swift */; };
		CD9BB7DA1C1CDC5300BAF1B8 /* GradientView.swift in Sources */ = {isa = PBXBuildFile; fileRef = CD9BB7D91C1CDC5300BAF1B8 /* GradientView.swift */; };
		CD9BB7DC1C1CE13B00BAF1B8 /* BounceAnimationController.swift in Sources */ = {isa = PBXBuildFile; fileRef = CD9BB7DB1C1CE13B00BAF1B8 /* BounceAnimationController.swift */; };
		CD9BB7DE1C1CE5C700BAF1B8 /* SlideOutAnimationController.swift in Sources */ = {isa = PBXBuildFile; fileRef = CD9BB7DD1C1CE5C700BAF1B8 /* SlideOutAnimationController.swift */; };
		CDA579E81C130857006638CF /* SearchResultCell.swift in Sources */ = {isa = PBXBuildFile; fileRef = CDA579E71C130857006638CF /* SearchResultCell.swift */; };
		CDE1A9821C1B692900EA37F9 /* DetailViewController.swift in Sources */ = {isa = PBXBuildFile; fileRef = CDE1A9811C1B692900EA37F9 /* DetailViewController.swift */; };
		CDE1A9841C1B6E8000EA37F9 /* DimmingPresentationController.swift in Sources */ = {isa = PBXBuildFile; fileRef = CDE1A9831C1B6E8000EA37F9 /* DimmingPresentationController.swift */; };
/* End PBXBuildFile section */

/* Begin PBXFileReference section */
		CD1276481C4C17B40007EA62 /* UIImage+Resize.swift */ = {isa = PBXFileReference; fileEncoding = 4; lastKnownFileType = sourcecode.swift; path = "UIImage+Resize.swift"; sourceTree = "<group>"; };
		CD12764A1C4C21220007EA62 /* Search.swift */ = {isa = PBXFileReference; fileEncoding = 4; lastKnownFileType = sourcecode.swift; lineEnding = 0; path = Search.swift; sourceTree = "<group>"; xcLanguageSpecificationIdentifier = xcode.lang.swift; };
		CD20FE261C0FB48000C92E4B /* StoreSearch.app */ = {isa = PBXFileReference; explicitFileType = wrapper.application; includeInIndex = 0; path = StoreSearch.app; sourceTree = BUILT_PRODUCTS_DIR; };
		CD20FE291C0FB48000C92E4B /* AppDelegate.swift */ = {isa = PBXFileReference; lastKnownFileType = sourcecode.swift; lineEnding = 0; path = AppDelegate.swift; sourceTree = "<group>"; xcLanguageSpecificationIdentifier = xcode.lang.swift; };
		CD20FE2B1C0FB48000C92E4B /* SearchViewController.swift */ = {isa = PBXFileReference; lastKnownFileType = sourcecode.swift; path = SearchViewController.swift; sourceTree = "<group>"; };
		CD20FE2E1C0FB48000C92E4B /* Base */ = {isa = PBXFileReference; lastKnownFileType = file.storyboard; name = Base; path = Base.lproj/Main.storyboard; sourceTree = "<group>"; };
		CD20FE301C0FB48000C92E4B /* Assets.xcassets */ = {isa = PBXFileReference; lastKnownFileType = folder.assetcatalog; path = Assets.xcassets; sourceTree = "<group>"; };
		CD20FE351C0FB48000C92E4B /* Info.plist */ = {isa = PBXFileReference; lastKnownFileType = text.plist.xml; path = Info.plist; sourceTree = "<group>"; };
		CD2308301C21DEDA001D56C5 /* LandscapeViewController.swift */ = {isa = PBXFileReference; fileEncoding = 4; lastKnownFileType = sourcecode.swift; lineEnding = 0; path = LandscapeViewController.swift; sourceTree = "<group>"; xcLanguageSpecificationIdentifier = xcode.lang.swift; };
		CD2308321C233141001D56C5 /* FadeOutAnimationController.swift */ = {isa = PBXFileReference; fileEncoding = 4; lastKnownFileType = sourcecode.swift; path = FadeOutAnimationController.swift; sourceTree = "<group>"; };
		CD46BB091C661AA4009EFE79 /* en */ = {isa = PBXFileReference; lastKnownFileType = file.xib; name = en; path = en.lproj/NothingFoundCell.xib; sourceTree = "<group>"; };
		CD46BB0B1C661AF6009EFE79 /* nl */ = {isa = PBXFileReference; lastKnownFileType = file.xib; name = nl; path = nl.lproj/NothingFoundCell.xib; sourceTree = "<group>"; };
		CD46BB0D1C662058009EFE79 /* Base */ = {isa = PBXFileReference; lastKnownFileType = file.xib; name = Base; path = Base.lproj/LoadingCell.xib; sourceTree = "<group>"; };
		CD46BB101C6620AB009EFE79 /* nl */ = {isa = PBXFileReference; lastKnownFileType = text.plist.strings; name = nl; path = nl.lproj/LoadingCell.strings; sourceTree = "<group>"; };
		CD46BB121C66255C009EFE79 /* nl */ = {isa = PBXFileReference; lastKnownFileType = text.plist.strings; name = nl; path = nl.lproj/Main.strings; sourceTree = "<group>"; };
		CD46BB141C6626E2009EFE79 /* Base */ = {isa = PBXFileReference; lastKnownFileType = file.xib; name = Base; path = Base.lproj/SearchResultCell.xib; sourceTree = "<group>"; };
		CD46BB171C662B5E009EFE79 /* en */ = {isa = PBXFileReference; lastKnownFileType = text.plist.strings; name = en; path = en.lproj/Localizable.strings; sourceTree = "<group>"; };
		CD46BB191C662BA7009EFE79 /* nl */ = {isa = PBXFileReference; lastKnownFileType = text.plist.strings; name = nl; path = nl.lproj/Localizable.strings; sourceTree = "<group>"; };
		CD48174C1C18DF590074F803 /* UIImageView+DownloadImage.swift */ = {isa = PBXFileReference; fileEncoding = 4; lastKnownFileType = sourcecode.swift; path = "UIImageView+DownloadImage.swift"; sourceTree = "<group>"; };
		CD5A5A331C10F95300466DFC /* SearchResult.swift */ = {isa = PBXFileReference; fileEncoding = 4; lastKnownFileType = sourcecode.swift; lineEnding = 0; path = SearchResult.swift; sourceTree = "<group>"; xcLanguageSpecificationIdentifier = xcode.lang.swift; };
		CD9BB7D91C1CDC5300BAF1B8 /* GradientView.swift */ = {isa = PBXFileReference; fileEncoding = 4; lastKnownFileType = sourcecode.swift; path = GradientView.swift; sourceTree = "<group>"; };
		CD9BB7DB1C1CE13B00BAF1B8 /* BounceAnimationController.swift */ = {isa = PBXFileReference; fileEncoding = 4; lastKnownFileType = sourcecode.swift; path = BounceAnimationController.swift; sourceTree = "<group>"; };
		CD9BB7DD1C1CE5C700BAF1B8 /* SlideOutAnimationController.swift */ = {isa = PBXFileReference; fileEncoding = 4; lastKnownFileType = sourcecode.swift; path = SlideOutAnimationController.swift; sourceTree = "<group>"; };
		CDA579E71C130857006638CF /* SearchResultCell.swift */ = {isa = PBXFileReference; fileEncoding = 4; lastKnownFileType = sourcecode.swift; path = SearchResultCell.swift; sourceTree = "<group>"; };
		CDE1A9811C1B692900EA37F9 /* DetailViewController.swift */ = {isa = PBXFileReference; fileEncoding = 4; lastKnownFileType = sourcecode.swift; lineEnding = 0; path = DetailViewController.swift; sourceTree = "<group>"; xcLanguageSpecificationIdentifier = xcode.lang.swift; };
		CDE1A9831C1B6E8000EA37F9 /* DimmingPresentationController.swift */ = {isa = PBXFileReference; fileEncoding = 4; lastKnownFileType = sourcecode.swift; path = DimmingPresentationController.swift; sourceTree = "<group>"; };
/* End PBXFileReference section */

/* Begin PBXFrameworksBuildPhase section */
		CD20FE231C0FB48000C92E4B /* Frameworks */ = {
			isa = PBXFrameworksBuildPhase;
			buildActionMask = 2147483647;
			files = (
			);
			runOnlyForDeploymentPostprocessing = 0;
		};
/* End PBXFrameworksBuildPhase section */

/* Begin PBXGroup section */
		CD20FE1D1C0FB48000C92E4B = {
			isa = PBXGroup;
			children = (
				CD20FE281C0FB48000C92E4B /* StoreSearch */,
				CD20FE271C0FB48000C92E4B /* Products */,
			);
			sourceTree = "<group>";
		};
		CD20FE271C0FB48000C92E4B /* Products */ = {
			isa = PBXGroup;
			children = (
				CD20FE261C0FB48000C92E4B /* StoreSearch.app */,
			);
			name = Products;
			sourceTree = "<group>";
		};
		CD20FE281C0FB48000C92E4B /* StoreSearch */ = {
			isa = PBXGroup;
			children = (
				CD46BB161C662B5E009EFE79 /* Localizable.strings */,
				CD20FE291C0FB48000C92E4B /* AppDelegate.swift */,
				CD20FE2D1C0FB48000C92E4B /* Main.storyboard */,
				CD20FE2B1C0FB48000C92E4B /* SearchViewController.swift */,
				CDA579E71C130857006638CF /* SearchResultCell.swift */,
				CD46BB151C6626E2009EFE79 /* SearchResultCell.xib */,
				CD46BB0A1C661AA4009EFE79 /* NothingFoundCell.xib */,
				CD46BB0E1C662058009EFE79 /* LoadingCell.xib */,
				CD48174C1C18DF590074F803 /* UIImageView+DownloadImage.swift */,
				CD1276481C4C17B40007EA62 /* UIImage+Resize.swift */,
				CD5A5A331C10F95300466DFC /* SearchResult.swift */,
				CD9BB7D91C1CDC5300BAF1B8 /* GradientView.swift */,
				CDE1A9811C1B692900EA37F9 /* DetailViewController.swift */,
				CD2308321C233141001D56C5 /* FadeOutAnimationController.swift */,
				CDE1A9831C1B6E8000EA37F9 /* DimmingPresentationController.swift */,
				CD9BB7DB1C1CE13B00BAF1B8 /* BounceAnimationController.swift */,
				CD9BB7DD1C1CE5C700BAF1B8 /* SlideOutAnimationController.swift */,
				CD2308301C21DEDA001D56C5 /* LandscapeViewController.swift */,
				CD12764A1C4C21220007EA62 /* Search.swift */,
				CD20FE301C0FB48000C92E4B /* Assets.xcassets */,
				CD20FE351C0FB48000C92E4B /* Info.plist */,
			);
			path = StoreSearch;
			sourceTree = "<group>";
		};
/* End PBXGroup section */

/* Begin PBXNativeTarget section */
		CD20FE251C0FB48000C92E4B /* StoreSearch */ = {
			isa = PBXNativeTarget;
			buildConfigurationList = CD20FE381C0FB48000C92E4B /* Build configuration list for PBXNativeTarget "StoreSearch" */;
			buildPhases = (
				CD20FE221C0FB48000C92E4B /* Sources */,
				CD20FE231C0FB48000C92E4B /* Frameworks */,
				CD20FE241C0FB48000C92E4B /* Resources */,
			);
			buildRules = (
			);
			dependencies = (
			);
			name = StoreSearch;
			productName = StoreSearch;
			productReference = CD20FE261C0FB48000C92E4B /* StoreSearch.app */;
			productType = "com.apple.product-type.application";
		};
/* End PBXNativeTarget section */

/* Begin PBXProject section */
		CD20FE1E1C0FB48000C92E4B /* Project object */ = {
			isa = PBXProject;
			attributes = {
				LastSwiftUpdateCheck = 0710;
				LastUpgradeCheck = 0710;
				ORGANIZATIONNAME = "Patrick Schneider";
				TargetAttributes = {
					CD20FE251C0FB48000C92E4B = {
						CreatedOnToolsVersion = 7.1.1;
					};
				};
			};
			buildConfigurationList = CD20FE211C0FB48000C92E4B /* Build configuration list for PBXProject "StoreSearch" */;
			compatibilityVersion = "Xcode 3.2";
			developmentRegion = English;
			hasScannedForEncodings = 0;
			knownRegions = (
				en,
				Base,
				nl,
			);
			mainGroup = CD20FE1D1C0FB48000C92E4B;
			productRefGroup = CD20FE271C0FB48000C92E4B /* Products */;
			projectDirPath = "";
			projectRoot = "";
			targets = (
				CD20FE251C0FB48000C92E4B /* StoreSearch */,
			);
		};
/* End PBXProject section */

/* Begin PBXResourcesBuildPhase section */
		CD20FE241C0FB48000C92E4B /* Resources */ = {
			isa = PBXResourcesBuildPhase;
			buildActionMask = 2147483647;
			files = (
				CD20FE311C0FB48000C92E4B /* Assets.xcassets in Resources */,
				CD46BB181C662B5E009EFE79 /* Localizable.strings in Resources */,
				CD46BB0C1C662058009EFE79 /* LoadingCell.xib in Resources */,
				CD46BB131C6626E2009EFE79 /* SearchResultCell.xib in Resources */,
				CD46BB081C661AA4009EFE79 /* NothingFoundCell.xib in Resources */,
				CD20FE2F1C0FB48000C92E4B /* Main.storyboard in Resources */,
			);
			runOnlyForDeploymentPostprocessing = 0;
		};
/* End PBXResourcesBuildPhase section */

/* Begin PBXSourcesBuildPhase section */
		CD20FE221C0FB48000C92E4B /* Sources */ = {
			isa = PBXSourcesBuildPhase;
			buildActionMask = 2147483647;
			files = (
				CD20FE2C1C0FB48000C92E4B /* SearchViewController.swift in Sources */,
				CDE1A9841C1B6E8000EA37F9 /* DimmingPresentationController.swift in Sources */,
				CD2308331C233141001D56C5 /* FadeOutAnimationController.swift in Sources */,
				CD5A5A341C10F95300466DFC /* SearchResult.swift in Sources */,
				CDA579E81C130857006638CF /* SearchResultCell.swift in Sources */,
				CD1276491C4C17B40007EA62 /* UIImage+Resize.swift in Sources */,
				CD9BB7DC1C1CE13B00BAF1B8 /* BounceAnimationController.swift in Sources */,
				CD2308311C21DEDA001D56C5 /* LandscapeViewController.swift in Sources */,
				CDE1A9821C1B692900EA37F9 /* DetailViewController.swift in Sources */,
				CD20FE2A1C0FB48000C92E4B /* AppDelegate.swift in Sources */,
				CD9BB7DA1C1CDC5300BAF1B8 /* GradientView.swift in Sources */,
				CD48174D1C18DF590074F803 /* UIImageView+DownloadImage.swift in Sources */,
				CD9BB7DE1C1CE5C700BAF1B8 /* SlideOutAnimationController.swift in Sources */,
				CD12764B1C4C21220007EA62 /* Search.swift in Sources */,
			);
			runOnlyForDeploymentPostprocessing = 0;
		};
/* End PBXSourcesBuildPhase section */

/* Begin PBXVariantGroup section */
		CD20FE2D1C0FB48000C92E4B /* Main.storyboard */ = {
			isa = PBXVariantGroup;
			children = (
				CD20FE2E1C0FB48000C92E4B /* Base */,
				CD46BB121C66255C009EFE79 /* nl */,
			);
			name = Main.storyboard;
			sourceTree = "<group>";
		};
		CD46BB0A1C661AA4009EFE79 /* NothingFoundCell.xib */ = {
			isa = PBXVariantGroup;
			children = (
				CD46BB091C661AA4009EFE79 /* en */,
				CD46BB0B1C661AF6009EFE79 /* nl */,
			);
			name = NothingFoundCell.xib;
			sourceTree = "<group>";
		};
		CD46BB0E1C662058009EFE79 /* LoadingCell.xib */ = {
			isa = PBXVariantGroup;
			children = (
				CD46BB0D1C662058009EFE79 /* Base */,
				CD46BB101C6620AB009EFE79 /* nl */,
			);
			name = LoadingCell.xib;
			sourceTree = "<group>";
		};
		CD46BB151C6626E2009EFE79 /* SearchResultCell.xib */ = {
			isa = PBXVariantGroup;
			children = (
				CD46BB141C6626E2009EFE79 /* Base */,
			);
			name = SearchResultCell.xib;
			sourceTree = "<group>";
		};
		CD46BB161C662B5E009EFE79 /* Localizable.strings */ = {
			isa = PBXVariantGroup;
			children = (
				CD46BB171C662B5E009EFE79 /* en */,
				CD46BB191C662BA7009EFE79 /* nl */,
			);
			name = Localizable.strings;
			sourceTree = "<group>";
		};
/* End PBXVariantGroup section */

/* Begin XCBuildConfiguration section */
		CD20FE361C0FB48000C92E4B /* Debug */ = {
			isa = XCBuildConfiguration;
			buildSettings = {
				ALWAYS_SEARCH_USER_PATHS = NO;
				CLANG_CXX_LANGUAGE_STANDARD = "gnu++0x";
				CLANG_CXX_LIBRARY = "libc++";
				CLANG_ENABLE_MODULES = YES;
				CLANG_ENABLE_OBJC_ARC = YES;
				CLANG_WARN_BOOL_CONVERSION = YES;
				CLANG_WARN_CONSTANT_CONVERSION = YES;
				CLANG_WARN_DIRECT_OBJC_ISA_USAGE = YES_ERROR;
				CLANG_WARN_EMPTY_BODY = YES;
				CLANG_WARN_ENUM_CONVERSION = YES;
				CLANG_WARN_INT_CONVERSION = YES;
				CLANG_WARN_OBJC_ROOT_CLASS = YES_ERROR;
				CLANG_WARN_UNREACHABLE_CODE = YES;
				CLANG_WARN__DUPLICATE_METHOD_MATCH = YES;
				"CODE_SIGN_IDENTITY[sdk=iphoneos*]" = "iPhone Developer";
				COPY_PHASE_STRIP = NO;
				DEBUG_INFORMATION_FORMAT = dwarf;
				ENABLE_STRICT_OBJC_MSGSEND = YES;
				ENABLE_TESTABILITY = YES;
				GCC_C_LANGUAGE_STANDARD = gnu99;
				GCC_DYNAMIC_NO_PIC = NO;
				GCC_NO_COMMON_BLOCKS = YES;
				GCC_OPTIMIZATION_LEVEL = 0;
				GCC_PREPROCESSOR_DEFINITIONS = (
					"DEBUG=1",
					"$(inherited)",
				);
				GCC_WARN_64_TO_32_BIT_CONVERSION = YES;
				GCC_WARN_ABOUT_RETURN_TYPE = YES_ERROR;
				GCC_WARN_UNDECLARED_SELECTOR = YES;
				GCC_WARN_UNINITIALIZED_AUTOS = YES_AGGRESSIVE;
				GCC_WARN_UNUSED_FUNCTION = YES;
				GCC_WARN_UNUSED_VARIABLE = YES;
				IPHONEOS_DEPLOYMENT_TARGET = 9.1;
				MTL_ENABLE_DEBUG_INFO = YES;
				ONLY_ACTIVE_ARCH = YES;
				SDKROOT = iphoneos;
				SWIFT_OPTIMIZATION_LEVEL = "-Onone";
			};
			name = Debug;
		};
		CD20FE371C0FB48000C92E4B /* Release */ = {
			isa = XCBuildConfiguration;
			buildSettings = {
				ALWAYS_SEARCH_USER_PATHS = NO;
				CLANG_CXX_LANGUAGE_STANDARD = "gnu++0x";
				CLANG_CXX_LIBRARY = "libc++";
				CLANG_ENABLE_MODULES = YES;
				CLANG_ENABLE_OBJC_ARC = YES;
				CLANG_WARN_BOOL_CONVERSION = YES;
				CLANG_WARN_CONSTANT_CONVERSION = YES;
				CLANG_WARN_DIRECT_OBJC_ISA_USAGE = YES_ERROR;
				CLANG_WARN_EMPTY_BODY = YES;
				CLANG_WARN_ENUM_CONVERSION = YES;
				CLANG_WARN_INT_CONVERSION = YES;
				CLANG_WARN_OBJC_ROOT_CLASS = YES_ERROR;
				CLANG_WARN_UNREACHABLE_CODE = YES;
				CLANG_WARN__DUPLICATE_METHOD_MATCH = YES;
				"CODE_SIGN_IDENTITY[sdk=iphoneos*]" = "iPhone Developer";
				COPY_PHASE_STRIP = NO;
				DEBUG_INFORMATION_FORMAT = "dwarf-with-dsym";
				ENABLE_NS_ASSERTIONS = NO;
				ENABLE_STRICT_OBJC_MSGSEND = YES;
				GCC_C_LANGUAGE_STANDARD = gnu99;
				GCC_NO_COMMON_BLOCKS = YES;
				GCC_WARN_64_TO_32_BIT_CONVERSION = YES;
				GCC_WARN_ABOUT_RETURN_TYPE = YES_ERROR;
				GCC_WARN_UNDECLARED_SELECTOR = YES;
				GCC_WARN_UNINITIALIZED_AUTOS = YES_AGGRESSIVE;
				GCC_WARN_UNUSED_FUNCTION = YES;
				GCC_WARN_UNUSED_VARIABLE = YES;
				IPHONEOS_DEPLOYMENT_TARGET = 9.1;
				MTL_ENABLE_DEBUG_INFO = NO;
				SDKROOT = iphoneos;
				VALIDATE_PRODUCT = YES;
			};
			name = Release;
		};
		CD20FE391C0FB48000C92E4B /* Debug */ = {
			isa = XCBuildConfiguration;
			buildSettings = {
				ASSETCATALOG_COMPILER_APPICON_NAME = AppIcon;
				INFOPLIST_FILE = StoreSearch/Info.plist;
				LD_RUNPATH_SEARCH_PATHS = "$(inherited) @executable_path/Frameworks";
				PRODUCT_BUNDLE_IDENTIFIER = io.patrickschneider.StoreSearch;
				PRODUCT_NAME = "$(TARGET_NAME)";
			};
			name = Debug;
		};
		CD20FE3A1C0FB48000C92E4B /* Release */ = {
			isa = XCBuildConfiguration;
			buildSettings = {
				ASSETCATALOG_COMPILER_APPICON_NAME = AppIcon;
				INFOPLIST_FILE = StoreSearch/Info.plist;
				LD_RUNPATH_SEARCH_PATHS = "$(inherited) @executable_path/Frameworks";
				PRODUCT_BUNDLE_IDENTIFIER = io.patrickschneider.StoreSearch;
				PRODUCT_NAME = "$(TARGET_NAME)";
			};
			name = Release;
		};
/* End XCBuildConfiguration section */

/* Begin XCConfigurationList section */
		CD20FE211C0FB48000C92E4B /* Build configuration list for PBXProject "StoreSearch" */ = {
			isa = XCConfigurationList;
			buildConfigurations = (
				CD20FE361C0FB48000C92E4B /* Debug */,
				CD20FE371C0FB48000C92E4B /* Release */,
			);
			defaultConfigurationIsVisible = 0;
			defaultConfigurationName = Release;
		};
		CD20FE381C0FB48000C92E4B /* Build configuration list for PBXNativeTarget "StoreSearch" */ = {
			isa = XCConfigurationList;
			buildConfigurations = (
				CD20FE391C0FB48000C92E4B /* Debug */,
				CD20FE3A1C0FB48000C92E4B /* Release */,
			);
			defaultConfigurationIsVisible = 0;
			defaultConfigurationName = Release;
		};
/* End XCConfigurationList section */
	};
	rootObject = CD20FE1E1C0FB48000C92E4B /* Project object */;
}
